{
    "hash": "2c1df5cc54b61a8ced430c99701630b2",
    "packages": [
        {
            "name": "doctrine/common",
            "version": "2.2.3",
            "source": {
                "type": "git",
                "url": "https://github.com/doctrine/common",
                "reference": "2.2.3"
            },
            "dist": {
                "type": "zip",
                "url": "https://github.com/doctrine/common/zipball/2.2.3",
                "reference": "2.2.3",
                "shasum": ""
            },
            "require": {
                "php": ">=5.3.2"
            },
            "time": "2012-08-29 06:04:14",
            "type": "library",
            "installation-source": "dist",
            "autoload": {
                "psr-0": {
                    "Doctrine\\Common": "lib/"
                }
            }
        },
        {
            "name": "mnapoli/php-di",
            "version": "0.9.0",
            "source": {
                "type": "git",
                "url": "git://github.com/mnapoli/PHP-DI.git",
                "reference": "0.9.0"
            },
            "dist": {
                "type": "zip",
                "url": "https://github.com/mnapoli/PHP-DI/zipball/0.9.0",
                "reference": "0.9.0",
                "shasum": ""
            },
            "require": {
                "doctrine/common": "2.2.*"
            },
            "time": "2012-09-29 11:16:51",
            "type": "library",
            "installation-source": "dist",
            "autoload": {
                "psr-0": {
                    "DI": "src/",
                    "DI\\Tests": "tests/"
                }
            }
        },
        {
            "name": "zendframework/zendframework1",
            "version": "1.12.0",
            "source": {
                "type": "svn",
                "url": "http://framework.zend.com/svn/framework/standard",
                "reference": "/tags/release-1.12.0/@25051"
            },
            "require": {
                "php": ">=5.2.4"
            },
            "time": "2012-08-27 15:35:21",
            "type": "library",
            "extra": {
                "branch-alias": {
                    "dev-trunk": "1.12.x-dev",
                    "dev-release-1.0": "1.0.x-dev",
                    "dev-release-1.5": "1.5.x-dev",
                    "dev-release-1.6": "1.6.x-dev",
                    "dev-release-1.7": "1.7.x-dev",
                    "dev-release-1.8": "1.8.x-dev",
                    "dev-release-1.9": "1.9.x-dev",
                    "dev-release-1.10": "1.10.x-dev",
                    "dev-release-1.11": "1.11.x-dev"
                }
            },
            "installation-source": "source",
            "autoload": {
                "psr-0": {
                    "Zend": "library/"
                }
            },
            "include-path": [
                "library/"
            ]
        }
    ],
    "packages-dev": null,
    "aliases": [

    ],
    "minimum-stability": "stable",
    "stability-flags": [

    ]
}
